
Microsoft Visual Studio Solution File, Format Version 12.00
# Visual Studio Version 17
VisualStudioVersion = 17.3.32811.315
MinimumVisualStudioVersion = 10.0.40219.1
Project("{FAE04EC0-301F-11D3-BF4B-00C04F79EFBC}") = "ElectionsAPI", "ElectionsAPI\ElectionsAPI.csproj", "{ADE38B22-0973-4600-9D1D-01829658E83D}"
EndProject
Global
	GlobalSection(SolutionConfigurationPlatforms) = preSolution
		Debug|Any CPU = Debug|Any CPU
		Release|Any CPU = Release|Any CPU
	EndGlobalSection
	GlobalSection(ProjectConfigurationPlatforms) = postSolution
		{ADE38B22-0973-4600-9D1D-01829658E83D}.Debug|Any CPU.ActiveCfg = Debug|Any CPU
		{ADE38B22-0973-4600-9D1D-01829658E83D}.Debug|Any CPU.Build.0 = Debug|Any CPU
		{ADE38B22-0973-4600-9D1D-01829658E83D}.Release|Any CPU.ActiveCfg = Release|Any CPU
		{ADE38B22-0973-4600-9D1D-01829658E83D}.Release|Any CPU.Build.0 = Release|Any CPU
	EndGlobalSection
	GlobalSection(SolutionProperties) = preSolution
		HideSolutionNode = FALSE
	EndGlobalSection
	GlobalSection(ExtensibilityGlobals) = postSolution
		SolutionGuid = {D70A6547-A06B-4E2C-82B7-75D8D988F3D2}
	EndGlobalSection
EndGlobal
